// !$*UTF8*$!
{
	archiveVersion = 1;
	classes = {
	};
	objectVersion = 56;
	objects = {

/* Begin PBXBuildFile section */
		866798FF2AED934400BB6576 /* AppDelegate.swift in Sources */ = {isa = PBXBuildFile; fileRef = 866798FE2AED934400BB6576 /* AppDelegate.swift */; };
		866799012AED934400BB6576 /* LoginViewController.swift in Sources */ = {isa = PBXBuildFile; fileRef = 866799002AED934400BB6576 /* LoginViewController.swift */; };
		866799032AED934600BB6576 /* Assets.xcassets in Resources */ = {isa = PBXBuildFile; fileRef = 866799022AED934600BB6576 /* Assets.xcassets */; };
		8667990E2AED960000BB6576 /* main.swift in Sources */ = {isa = PBXBuildFile; fileRef = 8667990D2AED960000BB6576 /* main.swift */; };
		866799102AED96E600BB6576 /* RootWindowController.swift in Sources */ = {isa = PBXBuildFile; fileRef = 8667990F2AED96E600BB6576 /* RootWindowController.swift */; };
		866799132AED982E00BB6576 /* NSWindow.swift in Sources */ = {isa = PBXBuildFile; fileRef = 866799122AED982E00BB6576 /* NSWindow.swift */; };
		866799152AED9ADE00BB6576 /* Assembly.swift in Sources */ = {isa = PBXBuildFile; fileRef = 866799142AED9ADE00BB6576 /* Assembly.swift */; };
		866799182AED9C9D00BB6576 /* LoginView.swift in Sources */ = {isa = PBXBuildFile; fileRef = 866799172AED9C9D00BB6576 /* LoginView.swift */; };
		8667991B2AED9EB900BB6576 /* NSView.swift in Sources */ = {isa = PBXBuildFile; fileRef = 8667991A2AED9EB900BB6576 /* NSView.swift */; };
		8667991D2AEDA8D500BB6576 /* Store.swift in Sources */ = {isa = PBXBuildFile; fileRef = 8667991C2AEDA8D500BB6576 /* Store.swift */; };
		866799202AEDABC500BB6576 /* Observer.swift in Sources */ = {isa = PBXBuildFile; fileRef = 8667991F2AEDABC500BB6576 /* Observer.swift */; };
		866799242AEDB33A00BB6576 /* Graph.swift in Sources */ = {isa = PBXBuildFile; fileRef = 866799232AEDB33A00BB6576 /* Graph.swift */; };
		866799262AEDB3DE00BB6576 /* LoginState.swift in Sources */ = {isa = PBXBuildFile; fileRef = 866799252AEDB3DE00BB6576 /* LoginState.swift */; };
		866799282AEDB3F200BB6576 /* AppState.swift in Sources */ = {isa = PBXBuildFile; fileRef = 866799272AEDB3F200BB6576 /* AppState.swift */; };
		8667992A2AEDB4A400BB6576 /* LoginNode.swift in Sources */ = {isa = PBXBuildFile; fileRef = 866799292AEDB4A400BB6576 /* LoginNode.swift */; };
		8667992C2AEDB97B00BB6576 /* LoginPresenter.swift in Sources */ = {isa = PBXBuildFile; fileRef = 8667992B2AEDB97B00BB6576 /* LoginPresenter.swift */; };
		8667992E2AEDC6D400BB6576 /* LoginActions.swift in Sources */ = {isa = PBXBuildFile; fileRef = 8667992D2AEDC6D400BB6576 /* LoginActions.swift */; };
		866799322AEDCDEF00BB6576 /* Box.swift in Sources */ = {isa = PBXBuildFile; fileRef = 866799312AEDCDEF00BB6576 /* Box.swift */; };
/* End PBXBuildFile section */

/* Begin PBXFileReference section */
		866798FB2AED934300BB6576 /* MovieMagazine.app */ = {isa = PBXFileReference; explicitFileType = wrapper.application; includeInIndex = 0; path = MovieMagazine.app; sourceTree = BUILT_PRODUCTS_DIR; };
		866798FE2AED934400BB6576 /* AppDelegate.swift */ = {isa = PBXFileReference; lastKnownFileType = sourcecode.swift; path = AppDelegate.swift; sourceTree = "<group>"; };
		866799002AED934400BB6576 /* LoginViewController.swift */ = {isa = PBXFileReference; lastKnownFileType = sourcecode.swift; path = LoginViewController.swift; sourceTree = "<group>"; };
		866799022AED934600BB6576 /* Assets.xcassets */ = {isa = PBXFileReference; lastKnownFileType = folder.assetcatalog; path = Assets.xcassets; sourceTree = "<group>"; };
		866799072AED934600BB6576 /* MovieMagazine.entitlements */ = {isa = PBXFileReference; lastKnownFileType = text.plist.entitlements; path = MovieMagazine.entitlements; sourceTree = "<group>"; };
		8667990D2AED960000BB6576 /* main.swift */ = {isa = PBXFileReference; lastKnownFileType = sourcecode.swift; path = main.swift; sourceTree = "<group>"; };
		8667990F2AED96E600BB6576 /* RootWindowController.swift */ = {isa = PBXFileReference; lastKnownFileType = sourcecode.swift; path = RootWindowController.swift; sourceTree = "<group>"; };
		866799122AED982E00BB6576 /* NSWindow.swift */ = {isa = PBXFileReference; lastKnownFileType = sourcecode.swift; path = NSWindow.swift; sourceTree = "<group>"; };
		866799142AED9ADE00BB6576 /* Assembly.swift */ = {isa = PBXFileReference; lastKnownFileType = sourcecode.swift; path = Assembly.swift; sourceTree = "<group>"; };
		866799172AED9C9D00BB6576 /* LoginView.swift */ = {isa = PBXFileReference; lastKnownFileType = sourcecode.swift; path = LoginView.swift; sourceTree = "<group>"; };
		8667991A2AED9EB900BB6576 /* NSView.swift */ = {isa = PBXFileReference; lastKnownFileType = sourcecode.swift; path = NSView.swift; sourceTree = "<group>"; };
		8667991C2AEDA8D500BB6576 /* Store.swift */ = {isa = PBXFileReference; lastKnownFileType = sourcecode.swift; path = Store.swift; sourceTree = "<group>"; };
		8667991F2AEDABC500BB6576 /* Observer.swift */ = {isa = PBXFileReference; lastKnownFileType = sourcecode.swift; path = Observer.swift; sourceTree = "<group>"; };
		866799232AEDB33A00BB6576 /* Graph.swift */ = {isa = PBXFileReference; lastKnownFileType = sourcecode.swift; path = Graph.swift; sourceTree = "<group>"; };
		866799252AEDB3DE00BB6576 /* LoginState.swift */ = {isa = PBXFileReference; lastKnownFileType = sourcecode.swift; path = LoginState.swift; sourceTree = "<group>"; };
		866799272AEDB3F200BB6576 /* AppState.swift */ = {isa = PBXFileReference; lastKnownFileType = sourcecode.swift; path = AppState.swift; sourceTree = "<group>"; };
		866799292AEDB4A400BB6576 /* LoginNode.swift */ = {isa = PBXFileReference; lastKnownFileType = sourcecode.swift; path = LoginNode.swift; sourceTree = "<group>"; };
		8667992B2AEDB97B00BB6576 /* LoginPresenter.swift */ = {isa = PBXFileReference; lastKnownFileType = sourcecode.swift; path = LoginPresenter.swift; sourceTree = "<group>"; };
		8667992D2AEDC6D400BB6576 /* LoginActions.swift */ = {isa = PBXFileReference; lastKnownFileType = sourcecode.swift; path = LoginActions.swift; sourceTree = "<group>"; };
		866799312AEDCDEF00BB6576 /* Box.swift */ = {isa = PBXFileReference; lastKnownFileType = sourcecode.swift; path = Box.swift; sourceTree = "<group>"; };
/* End PBXFileReference section */

/* Begin PBXFrameworksBuildPhase section */
		866798F82AED934300BB6576 /* Frameworks */ = {
			isa = PBXFrameworksBuildPhase;
			buildActionMask = 2147483647;
			files = (
			);
			runOnlyForDeploymentPostprocessing = 0;
		};
/* End PBXFrameworksBuildPhase section */

/* Begin PBXGroup section */
		866798F22AED934300BB6576 = {
			isa = PBXGroup;
			children = (
				866798FD2AED934300BB6576 /* MovieMagazine */,
				866798FC2AED934300BB6576 /* Products */,
			);
			sourceTree = "<group>";
		};
		866798FC2AED934300BB6576 /* Products */ = {
			isa = PBXGroup;
			children = (
				866798FB2AED934300BB6576 /* MovieMagazine.app */,
			);
			name = Products;
			sourceTree = "<group>";
		};
		866798FD2AED934300BB6576 /* MovieMagazine */ = {
			isa = PBXGroup;
			children = (
				866799302AEDCDE500BB6576 /* Tools */,
				8667992F2AEDCD5800BB6576 /* Application */,
				8667991E2AEDABB400BB6576 /* Redux */,
				866799162AED9C8400BB6576 /* Login */,
				866799112AED982200BB6576 /* Extension */,
				866799022AED934600BB6576 /* Assets.xcassets */,
				866799072AED934600BB6576 /* MovieMagazine.entitlements */,
				866799192AED9D0500BB6576 /* Root */,
			);
			path = MovieMagazine;
			sourceTree = "<group>";
		};
		866799112AED982200BB6576 /* Extension */ = {
			isa = PBXGroup;
			children = (
				866799122AED982E00BB6576 /* NSWindow.swift */,
				8667991A2AED9EB900BB6576 /* NSView.swift */,
			);
			path = Extension;
			sourceTree = "<group>";
		};
		866799162AED9C8400BB6576 /* Login */ = {
			isa = PBXGroup;
			children = (
				866799002AED934400BB6576 /* LoginViewController.swift */,
				866799172AED9C9D00BB6576 /* LoginView.swift */,
				866799252AEDB3DE00BB6576 /* LoginState.swift */,
				866799292AEDB4A400BB6576 /* LoginNode.swift */,
				8667992B2AEDB97B00BB6576 /* LoginPresenter.swift */,
				8667992D2AEDC6D400BB6576 /* LoginActions.swift */,
			);
			path = Login;
			sourceTree = "<group>";
		};
		866799192AED9D0500BB6576 /* Root */ = {
			isa = PBXGroup;
			children = (
				8667990F2AED96E600BB6576 /* RootWindowController.swift */,
				866799272AEDB3F200BB6576 /* AppState.swift */,
			);
			path = Root;
			sourceTree = "<group>";
		};
		8667991E2AEDABB400BB6576 /* Redux */ = {
			isa = PBXGroup;
			children = (
				8667991C2AEDA8D500BB6576 /* Store.swift */,
				8667991F2AEDABC500BB6576 /* Observer.swift */,
				866799232AEDB33A00BB6576 /* Graph.swift */,
			);
			path = Redux;
			sourceTree = "<group>";
		};
		8667992F2AEDCD5800BB6576 /* Application */ = {
			isa = PBXGroup;
			children = (
				866799142AED9ADE00BB6576 /* Assembly.swift */,
				8667990D2AED960000BB6576 /* main.swift */,
				866798FE2AED934400BB6576 /* AppDelegate.swift */,
			);
			path = Application;
			sourceTree = "<group>";
		};
		866799302AEDCDE500BB6576 /* Tools */ = {
			isa = PBXGroup;
			children = (
				866799312AEDCDEF00BB6576 /* Box.swift */,
			);
			path = Tools;
			sourceTree = "<group>";
		};
/* End PBXGroup section */

/* Begin PBXNativeTarget section */
		866798FA2AED934300BB6576 /* MovieMagazine */ = {
			isa = PBXNativeTarget;
			buildConfigurationList = 8667990A2AED934600BB6576 /* Build configuration list for PBXNativeTarget "MovieMagazine" */;
			buildPhases = (
				866798F72AED934300BB6576 /* Sources */,
				866798F82AED934300BB6576 /* Frameworks */,
				866798F92AED934300BB6576 /* Resources */,
			);
			buildRules = (
			);
			dependencies = (
			);
			name = MovieMagazine;
			productName = MovieMagazine;
			productReference = 866798FB2AED934300BB6576 /* MovieMagazine.app */;
			productType = "com.apple.product-type.application";
		};
/* End PBXNativeTarget section */

/* Begin PBXProject section */
		866798F32AED934300BB6576 /* Project object */ = {
			isa = PBXProject;
			attributes = {
				BuildIndependentTargetsInParallel = 1;
				LastSwiftUpdateCheck = 1510;
				LastUpgradeCheck = 1510;
				TargetAttributes = {
					866798FA2AED934300BB6576 = {
						CreatedOnToolsVersion = 15.1;
					};
				};
			};
			buildConfigurationList = 866798F62AED934300BB6576 /* Build configuration list for PBXProject "MovieMagazine" */;
			compatibilityVersion = "Xcode 14.0";
			developmentRegion = en;
			hasScannedForEncodings = 0;
			knownRegions = (
				en,
				Base,
			);
			mainGroup = 866798F22AED934300BB6576;
			productRefGroup = 866798FC2AED934300BB6576 /* Products */;
			projectDirPath = "";
			projectRoot = "";
			targets = (
				866798FA2AED934300BB6576 /* MovieMagazine */,
			);
		};
/* End PBXProject section */

/* Begin PBXResourcesBuildPhase section */
		866798F92AED934300BB6576 /* Resources */ = {
			isa = PBXResourcesBuildPhase;
			buildActionMask = 2147483647;
			files = (
				866799032AED934600BB6576 /* Assets.xcassets in Resources */,
			);
			runOnlyForDeploymentPostprocessing = 0;
		};
/* End PBXResourcesBuildPhase section */

/* Begin PBXSourcesBuildPhase section */
		866798F72AED934300BB6576 /* Sources */ = {
			isa = PBXSourcesBuildPhase;
			buildActionMask = 2147483647;
			files = (
				8667992C2AEDB97B00BB6576 /* LoginPresenter.swift in Sources */,
				866799242AEDB33A00BB6576 /* Graph.swift in Sources */,
				866799132AED982E00BB6576 /* NSWindow.swift in Sources */,
				866799202AEDABC500BB6576 /* Observer.swift in Sources */,
				866799182AED9C9D00BB6576 /* LoginView.swift in Sources */,
				866799262AEDB3DE00BB6576 /* LoginState.swift in Sources */,
				866799152AED9ADE00BB6576 /* Assembly.swift in Sources */,
				8667992E2AEDC6D400BB6576 /* LoginActions.swift in Sources */,
				8667991D2AEDA8D500BB6576 /* Store.swift in Sources */,
				8667992A2AEDB4A400BB6576 /* LoginNode.swift in Sources */,
				8667991B2AED9EB900BB6576 /* NSView.swift in Sources */,
				866799282AEDB3F200BB6576 /* AppState.swift in Sources */,
				866799012AED934400BB6576 /* LoginViewController.swift in Sources */,
				866799322AEDCDEF00BB6576 /* Box.swift in Sources */,
				866799102AED96E600BB6576 /* RootWindowController.swift in Sources */,
				866798FF2AED934400BB6576 /* AppDelegate.swift in Sources */,
				8667990E2AED960000BB6576 /* main.swift in Sources */,
			);
			runOnlyForDeploymentPostprocessing = 0;
		};
/* End PBXSourcesBuildPhase section */

/* Begin XCBuildConfiguration section */
		866799082AED934600BB6576 /* Debug */ = {
			isa = XCBuildConfiguration;
			buildSettings = {
				ALWAYS_SEARCH_USER_PATHS = NO;
				ASSETCATALOG_COMPILER_GENERATE_SWIFT_ASSET_SYMBOL_EXTENSIONS = YES;
				CLANG_ANALYZER_NONNULL = YES;
				CLANG_ANALYZER_NUMBER_OBJECT_CONVERSION = YES_AGGRESSIVE;
				CLANG_CXX_LANGUAGE_STANDARD = "gnu++20";
				CLANG_ENABLE_MODULES = YES;
				CLANG_ENABLE_OBJC_ARC = YES;
				CLANG_ENABLE_OBJC_WEAK = YES;
				CLANG_WARN_BLOCK_CAPTURE_AUTORELEASING = YES;
				CLANG_WARN_BOOL_CONVERSION = YES;
				CLANG_WARN_COMMA = YES;
				CLANG_WARN_CONSTANT_CONVERSION = YES;
				CLANG_WARN_DEPRECATED_OBJC_IMPLEMENTATIONS = YES;
				CLANG_WARN_DIRECT_OBJC_ISA_USAGE = YES_ERROR;
				CLANG_WARN_DOCUMENTATION_COMMENTS = YES;
				CLANG_WARN_EMPTY_BODY = YES;
				CLANG_WARN_ENUM_CONVERSION = YES;
				CLANG_WARN_INFINITE_RECURSION = YES;
				CLANG_WARN_INT_CONVERSION = YES;
				CLANG_WARN_NON_LITERAL_NULL_CONVERSION = YES;
				CLANG_WARN_OBJC_IMPLICIT_RETAIN_SELF = YES;
				CLANG_WARN_OBJC_LITERAL_CONVERSION = YES;
				CLANG_WARN_OBJC_ROOT_CLASS = YES_ERROR;
				CLANG_WARN_QUOTED_INCLUDE_IN_FRAMEWORK_HEADER = YES;
				CLANG_WARN_RANGE_LOOP_ANALYSIS = YES;
				CLANG_WARN_STRICT_PROTOTYPES = YES;
				CLANG_WARN_SUSPICIOUS_MOVE = YES;
				CLANG_WARN_UNGUARDED_AVAILABILITY = YES_AGGRESSIVE;
				CLANG_WARN_UNREACHABLE_CODE = YES;
				CLANG_WARN__DUPLICATE_METHOD_MATCH = YES;
				COPY_PHASE_STRIP = NO;
				DEBUG_INFORMATION_FORMAT = dwarf;
				ENABLE_STRICT_OBJC_MSGSEND = YES;
				ENABLE_TESTABILITY = YES;
				ENABLE_USER_SCRIPT_SANDBOXING = YES;
				GCC_C_LANGUAGE_STANDARD = gnu17;
				GCC_DYNAMIC_NO_PIC = NO;
				GCC_NO_COMMON_BLOCKS = YES;
				GCC_OPTIMIZATION_LEVEL = 0;
				GCC_PREPROCESSOR_DEFINITIONS = (
					"DEBUG=1",
					"$(inherited)",
				);
				GCC_WARN_64_TO_32_BIT_CONVERSION = YES;
				GCC_WARN_ABOUT_RETURN_TYPE = YES_ERROR;
				GCC_WARN_UNDECLARED_SELECTOR = YES;
				GCC_WARN_UNINITIALIZED_AUTOS = YES_AGGRESSIVE;
				GCC_WARN_UNUSED_FUNCTION = YES;
				GCC_WARN_UNUSED_VARIABLE = YES;
				LOCALIZATION_PREFERS_STRING_CATALOGS = YES;
				MACOSX_DEPLOYMENT_TARGET = 14.0;
				MTL_ENABLE_DEBUG_INFO = INCLUDE_SOURCE;
				MTL_FAST_MATH = YES;
				ONLY_ACTIVE_ARCH = YES;
				SDKROOT = macosx;
				SWIFT_ACTIVE_COMPILATION_CONDITIONS = "DEBUG $(inherited)";
				SWIFT_OPTIMIZATION_LEVEL = "-Onone";
			};
			name = Debug;
		};
		866799092AED934600BB6576 /* Release */ = {
			isa = XCBuildConfiguration;
			buildSettings = {
				ALWAYS_SEARCH_USER_PATHS = NO;
				ASSETCATALOG_COMPILER_GENERATE_SWIFT_ASSET_SYMBOL_EXTENSIONS = YES;
				CLANG_ANALYZER_NONNULL = YES;
				CLANG_ANALYZER_NUMBER_OBJECT_CONVERSION = YES_AGGRESSIVE;
				CLANG_CXX_LANGUAGE_STANDARD = "gnu++20";
				CLANG_ENABLE_MODULES = YES;
				CLANG_ENABLE_OBJC_ARC = YES;
				CLANG_ENABLE_OBJC_WEAK = YES;
				CLANG_WARN_BLOCK_CAPTURE_AUTORELEASING = YES;
				CLANG_WARN_BOOL_CONVERSION = YES;
				CLANG_WARN_COMMA = YES;
				CLANG_WARN_CONSTANT_CONVERSION = YES;
				CLANG_WARN_DEPRECATED_OBJC_IMPLEMENTATIONS = YES;
				CLANG_WARN_DIRECT_OBJC_ISA_USAGE = YES_ERROR;
				CLANG_WARN_DOCUMENTATION_COMMENTS = YES;
				CLANG_WARN_EMPTY_BODY = YES;
				CLANG_WARN_ENUM_CONVERSION = YES;
				CLANG_WARN_INFINITE_RECURSION = YES;
				CLANG_WARN_INT_CONVERSION = YES;
				CLANG_WARN_NON_LITERAL_NULL_CONVERSION = YES;
				CLANG_WARN_OBJC_IMPLICIT_RETAIN_SELF = YES;
				CLANG_WARN_OBJC_LITERAL_CONVERSION = YES;
				CLANG_WARN_OBJC_ROOT_CLASS = YES_ERROR;
				CLANG_WARN_QUOTED_INCLUDE_IN_FRAMEWORK_HEADER = YES;
				CLANG_WARN_RANGE_LOOP_ANALYSIS = YES;
				CLANG_WARN_STRICT_PROTOTYPES = YES;
				CLANG_WARN_SUSPICIOUS_MOVE = YES;
				CLANG_WARN_UNGUARDED_AVAILABILITY = YES_AGGRESSIVE;
				CLANG_WARN_UNREACHABLE_CODE = YES;
				CLANG_WARN__DUPLICATE_METHOD_MATCH = YES;
				COPY_PHASE_STRIP = NO;
				DEBUG_INFORMATION_FORMAT = "dwarf-with-dsym";
				ENABLE_NS_ASSERTIONS = NO;
				ENABLE_STRICT_OBJC_MSGSEND = YES;
				ENABLE_USER_SCRIPT_SANDBOXING = YES;
				GCC_C_LANGUAGE_STANDARD = gnu17;
				GCC_NO_COMMON_BLOCKS = YES;
				GCC_WARN_64_TO_32_BIT_CONVERSION = YES;
				GCC_WARN_ABOUT_RETURN_TYPE = YES_ERROR;
				GCC_WARN_UNDECLARED_SELECTOR = YES;
				GCC_WARN_UNINITIALIZED_AUTOS = YES_AGGRESSIVE;
				GCC_WARN_UNUSED_FUNCTION = YES;
				GCC_WARN_UNUSED_VARIABLE = YES;
				LOCALIZATION_PREFERS_STRING_CATALOGS = YES;
				MACOSX_DEPLOYMENT_TARGET = 14.0;
				MTL_ENABLE_DEBUG_INFO = NO;
				MTL_FAST_MATH = YES;
				SDKROOT = macosx;
				SWIFT_COMPILATION_MODE = wholemodule;
			};
			name = Release;
		};
		8667990B2AED934600BB6576 /* Debug */ = {
			isa = XCBuildConfiguration;
			buildSettings = {
				ASSETCATALOG_COMPILER_APPICON_NAME = AppIcon;
				ASSETCATALOG_COMPILER_GLOBAL_ACCENT_COLOR_NAME = AccentColor;
				CODE_SIGN_ENTITLEMENTS = MovieMagazine/MovieMagazine.entitlements;
				CODE_SIGN_STYLE = Automatic;
				COMBINE_HIDPI_IMAGES = YES;
				CURRENT_PROJECT_VERSION = 1;
				DEVELOPMENT_TEAM = 4WQFD456R9;
				ENABLE_HARDENED_RUNTIME = YES;
				GENERATE_INFOPLIST_FILE = YES;
				INFOPLIST_KEY_NSHumanReadableCopyright = "";
				INFOPLIST_KEY_NSPrincipalClass = NSApplication;
				LD_RUNPATH_SEARCH_PATHS = (
					"$(inherited)",
					"@executable_path/../Frameworks",
				);
				MACOSX_DEPLOYMENT_TARGET = 10.13;
				MARKETING_VERSION = 1.0;
				PRODUCT_BUNDLE_IDENTIFIER = ru.iliaByHimself.MovieMagazine;
				PRODUCT_NAME = "$(TARGET_NAME)";
				SWIFT_EMIT_LOC_STRINGS = YES;
				SWIFT_VERSION = 5.0;
			};
			name = Debug;
		};
		8667990C2AED934600BB6576 /* Release */ = {
			isa = XCBuildConfiguration;
			buildSettings = {
				ASSETCATALOG_COMPILER_APPICON_NAME = AppIcon;
				ASSETCATALOG_COMPILER_GLOBAL_ACCENT_COLOR_NAME = AccentColor;
				CODE_SIGN_ENTITLEMENTS = MovieMagazine/MovieMagazine.entitlements;
				CODE_SIGN_STYLE = Automatic;
				COMBINE_HIDPI_IMAGES = YES;
				CURRENT_PROJECT_VERSION = 1;
				DEVELOPMENT_TEAM = 4WQFD456R9;
				ENABLE_HARDENED_RUNTIME = YES;
				GENERATE_INFOPLIST_FILE = YES;
				INFOPLIST_KEY_NSHumanReadableCopyright = "";
				INFOPLIST_KEY_NSPrincipalClass = NSApplication;
				LD_RUNPATH_SEARCH_PATHS = (
					"$(inherited)",
					"@executable_path/../Frameworks",
				);
				MACOSX_DEPLOYMENT_TARGET = 10.13;
				MARKETING_VERSION = 1.0;
				PRODUCT_BUNDLE_IDENTIFIER = ru.iliaByHimself.MovieMagazine;
				PRODUCT_NAME = "$(TARGET_NAME)";
				SWIFT_EMIT_LOC_STRINGS = YES;
				SWIFT_VERSION = 5.0;
			};
			name = Release;
		};
/* End XCBuildConfiguration section */

/* Begin XCConfigurationList section */
		866798F62AED934300BB6576 /* Build configuration list for PBXProject "MovieMagazine" */ = {
			isa = XCConfigurationList;
			buildConfigurations = (
				866799082AED934600BB6576 /* Debug */,
				866799092AED934600BB6576 /* Release */,
			);
			defaultConfigurationIsVisible = 0;
			defaultConfigurationName = Release;
		};
		8667990A2AED934600BB6576 /* Build configuration list for PBXNativeTarget "MovieMagazine" */ = {
			isa = XCConfigurationList;
			buildConfigurations = (
				8667990B2AED934600BB6576 /* Debug */,
				8667990C2AED934600BB6576 /* Release */,
			);
			defaultConfigurationIsVisible = 0;
			defaultConfigurationName = Release;
		};
/* End XCConfigurationList section */
	};
	rootObject = 866798F32AED934300BB6576 /* Project object */;
}
