// !$*UTF8*$!
{
	archiveVersion = 1;
	classes = {
	};
	objectVersion = 56;
	objects = {

/* Begin PBXBuildFile section */
		8637A8482AF2E2CC00FB11AE /* OSLog.swift in Sources */ = {isa = PBXBuildFile; fileRef = 8637A8472AF2E2CC00FB11AE /* OSLog.swift */; };
		866798FF2AED934400BB6576 /* AppDelegate.swift in Sources */ = {isa = PBXBuildFile; fileRef = 866798FE2AED934400BB6576 /* AppDelegate.swift */; };
		866799012AED934400BB6576 /* LoginViewController.swift in Sources */ = {isa = PBXBuildFile; fileRef = 866799002AED934400BB6576 /* LoginViewController.swift */; };
		866799032AED934600BB6576 /* Assets.xcassets in Resources */ = {isa = PBXBuildFile; fileRef = 866799022AED934600BB6576 /* Assets.xcassets */; };
		8667990E2AED960000BB6576 /* main.swift in Sources */ = {isa = PBXBuildFile; fileRef = 8667990D2AED960000BB6576 /* main.swift */; };
		866799102AED96E600BB6576 /* RootWindowController.swift in Sources */ = {isa = PBXBuildFile; fileRef = 8667990F2AED96E600BB6576 /* RootWindowController.swift */; };
		866799132AED982E00BB6576 /* NSWindow.swift in Sources */ = {isa = PBXBuildFile; fileRef = 866799122AED982E00BB6576 /* NSWindow.swift */; };
		866799152AED9ADE00BB6576 /* Assembly.swift in Sources */ = {isa = PBXBuildFile; fileRef = 866799142AED9ADE00BB6576 /* Assembly.swift */; };
		866799182AED9C9D00BB6576 /* LoginView.swift in Sources */ = {isa = PBXBuildFile; fileRef = 866799172AED9C9D00BB6576 /* LoginView.swift */; };
		8667991B2AED9EB900BB6576 /* NSView.swift in Sources */ = {isa = PBXBuildFile; fileRef = 8667991A2AED9EB900BB6576 /* NSView.swift */; };
		8667992C2AEDB97B00BB6576 /* LoginPresenterImpl.swift in Sources */ = {isa = PBXBuildFile; fileRef = 8667992B2AEDB97B00BB6576 /* LoginPresenterImpl.swift */; };
		869A712C2AF6B823009CB08A /* RootPresenter.swift in Sources */ = {isa = PBXBuildFile; fileRef = 869A712B2AF6B823009CB08A /* RootPresenter.swift */; };
		869A713B2AF6C701009CB08A /* ApiKey.swift in Sources */ = {isa = PBXBuildFile; fileRef = 869A713A2AF6C701009CB08A /* ApiKey.swift */; };
		869A71462AF7C879009CB08A /* NetworkOperator in Frameworks */ = {isa = PBXBuildFile; productRef = 869A71452AF7C879009CB08A /* NetworkOperator */; };
		869A71482AF7C925009CB08A /* ImageCache.swift in Sources */ = {isa = PBXBuildFile; fileRef = 869A71472AF7C925009CB08A /* ImageCache.swift */; };
		86C1D5FE2AFCF9A200731FB9 /* SessionDriver.swift in Sources */ = {isa = PBXBuildFile; fileRef = 86C1D5FD2AFCF9A200731FB9 /* SessionDriver.swift */; };
		86C1FAAE2AFFAE6800080547 /* Router.swift in Sources */ = {isa = PBXBuildFile; fileRef = 86C1FAAD2AFFAE6800080547 /* Router.swift */; };
		86C1FABA2B0024B400080547 /* HomeViewController.swift in Sources */ = {isa = PBXBuildFile; fileRef = 86C1FAB92B0024B400080547 /* HomeViewController.swift */; };
		86C1FABC2B0024D500080547 /* HomePresenter.swift in Sources */ = {isa = PBXBuildFile; fileRef = 86C1FABB2B0024D500080547 /* HomePresenter.swift */; };
		86C1FABE2B00251C00080547 /* HomeViewModel.swift in Sources */ = {isa = PBXBuildFile; fileRef = 86C1FABD2B00251C00080547 /* HomeViewModel.swift */; };
		86C1FAC02B00293800080547 /* HomeView.swift in Sources */ = {isa = PBXBuildFile; fileRef = 86C1FABF2B00293800080547 /* HomeView.swift */; };
		86C1FAC82B003CAD00080547 /* Models in Frameworks */ = {isa = PBXBuildFile; productRef = 86C1FAC72B003CAD00080547 /* Models */; };
		86C1FACA2B003DE500080547 /* Redux in Frameworks */ = {isa = PBXBuildFile; productRef = 86C1FAC92B003DE500080547 /* Redux */; };
		86C1FACC2B0040E000080547 /* Core in Frameworks */ = {isa = PBXBuildFile; productRef = 86C1FACB2B0040E000080547 /* Core */; };
		86D8A4362AEE5E1C0022D7EB /* GraphTests.swift in Sources */ = {isa = PBXBuildFile; fileRef = 86D8A4352AEE5E1C0022D7EB /* GraphTests.swift */; };
		86D8A43D2AEE6D300022D7EB /* LoginViewModel.swift in Sources */ = {isa = PBXBuildFile; fileRef = 86D8A43C2AEE6D300022D7EB /* LoginViewModel.swift */; };
		86D8A4512AEEFEE60022D7EB /* NetworkDriver.swift in Sources */ = {isa = PBXBuildFile; fileRef = 86D8A4502AEEFEE60022D7EB /* NetworkDriver.swift */; };
		EEC5741C2AF37C5200783702 /* README.md in Resources */ = {isa = PBXBuildFile; fileRef = EEC5741B2AF37C5200783702 /* README.md */; };
		EEC5741E2AF37C5B00783702 /* Repository in Resources */ = {isa = PBXBuildFile; fileRef = EEC5741D2AF37C5B00783702 /* Repository */; };
		EEC574202AF37E3D00783702 /* Endpoint in Frameworks */ = {isa = PBXBuildFile; productRef = EEC5741F2AF37E3D00783702 /* Endpoint */; };
		EEC574222AF37E5B00783702 /* SwiftFP in Frameworks */ = {isa = PBXBuildFile; productRef = EEC574212AF37E5B00783702 /* SwiftFP */; };
		EEDBF6162AF3D09B00FB7B59 /* Validator in Frameworks */ = {isa = PBXBuildFile; productRef = EEDBF6152AF3D09B00FB7B59 /* Validator */; };
		EEDBF61B2AF3E7F500FB7B59 /* ValidatorDriverTests.swift in Sources */ = {isa = PBXBuildFile; fileRef = EEDBF61A2AF3E7F500FB7B59 /* ValidatorDriverTests.swift */; };
/* End PBXBuildFile section */

/* Begin PBXContainerItemProxy section */
		86D8A4372AEE5E1C0022D7EB /* PBXContainerItemProxy */ = {
			isa = PBXContainerItemProxy;
			containerPortal = 866798F32AED934300BB6576 /* Project object */;
			proxyType = 1;
			remoteGlobalIDString = 866798FA2AED934300BB6576;
			remoteInfo = MovieMagazine;
		};
/* End PBXContainerItemProxy section */

/* Begin PBXFileReference section */
		8637A8472AF2E2CC00FB11AE /* OSLog.swift */ = {isa = PBXFileReference; lastKnownFileType = sourcecode.swift; path = OSLog.swift; sourceTree = "<group>"; };
		866798FB2AED934300BB6576 /* MovieMagazine.app */ = {isa = PBXFileReference; explicitFileType = wrapper.application; includeInIndex = 0; path = MovieMagazine.app; sourceTree = BUILT_PRODUCTS_DIR; };
		866798FE2AED934400BB6576 /* AppDelegate.swift */ = {isa = PBXFileReference; lastKnownFileType = sourcecode.swift; path = AppDelegate.swift; sourceTree = "<group>"; };
		866799002AED934400BB6576 /* LoginViewController.swift */ = {isa = PBXFileReference; lastKnownFileType = sourcecode.swift; path = LoginViewController.swift; sourceTree = "<group>"; };
		866799022AED934600BB6576 /* Assets.xcassets */ = {isa = PBXFileReference; lastKnownFileType = folder.assetcatalog; path = Assets.xcassets; sourceTree = "<group>"; };
		866799072AED934600BB6576 /* MovieMagazine.entitlements */ = {isa = PBXFileReference; lastKnownFileType = text.plist.entitlements; path = MovieMagazine.entitlements; sourceTree = "<group>"; };
		8667990D2AED960000BB6576 /* main.swift */ = {isa = PBXFileReference; lastKnownFileType = sourcecode.swift; path = main.swift; sourceTree = "<group>"; };
		8667990F2AED96E600BB6576 /* RootWindowController.swift */ = {isa = PBXFileReference; lastKnownFileType = sourcecode.swift; path = RootWindowController.swift; sourceTree = "<group>"; };
		866799122AED982E00BB6576 /* NSWindow.swift */ = {isa = PBXFileReference; lastKnownFileType = sourcecode.swift; path = NSWindow.swift; sourceTree = "<group>"; };
		866799142AED9ADE00BB6576 /* Assembly.swift */ = {isa = PBXFileReference; lastKnownFileType = sourcecode.swift; path = Assembly.swift; sourceTree = "<group>"; };
		866799172AED9C9D00BB6576 /* LoginView.swift */ = {isa = PBXFileReference; lastKnownFileType = sourcecode.swift; path = LoginView.swift; sourceTree = "<group>"; };
		8667991A2AED9EB900BB6576 /* NSView.swift */ = {isa = PBXFileReference; lastKnownFileType = sourcecode.swift; path = NSView.swift; sourceTree = "<group>"; };
		8667992B2AEDB97B00BB6576 /* LoginPresenterImpl.swift */ = {isa = PBXFileReference; lastKnownFileType = sourcecode.swift; path = LoginPresenterImpl.swift; sourceTree = "<group>"; };
		869A712B2AF6B823009CB08A /* RootPresenter.swift */ = {isa = PBXFileReference; lastKnownFileType = sourcecode.swift; path = RootPresenter.swift; sourceTree = "<group>"; };
		869A713A2AF6C701009CB08A /* ApiKey.swift */ = {isa = PBXFileReference; lastKnownFileType = sourcecode.swift; path = ApiKey.swift; sourceTree = "<group>"; };
		869A71472AF7C925009CB08A /* ImageCache.swift */ = {isa = PBXFileReference; lastKnownFileType = sourcecode.swift; path = ImageCache.swift; sourceTree = "<group>"; };
		86A29A082AF691170092BBC6 /* MovieMagazine.xctestplan */ = {isa = PBXFileReference; lastKnownFileType = text; path = MovieMagazine.xctestplan; sourceTree = "<group>"; };
		86C1D5FD2AFCF9A200731FB9 /* SessionDriver.swift */ = {isa = PBXFileReference; lastKnownFileType = sourcecode.swift; path = SessionDriver.swift; sourceTree = "<group>"; };
		86C1FAAD2AFFAE6800080547 /* Router.swift */ = {isa = PBXFileReference; lastKnownFileType = sourcecode.swift; path = Router.swift; sourceTree = "<group>"; };
		86C1FAB92B0024B400080547 /* HomeViewController.swift */ = {isa = PBXFileReference; lastKnownFileType = sourcecode.swift; path = HomeViewController.swift; sourceTree = "<group>"; };
		86C1FABB2B0024D500080547 /* HomePresenter.swift */ = {isa = PBXFileReference; lastKnownFileType = sourcecode.swift; path = HomePresenter.swift; sourceTree = "<group>"; };
		86C1FABD2B00251C00080547 /* HomeViewModel.swift */ = {isa = PBXFileReference; lastKnownFileType = sourcecode.swift; path = HomeViewModel.swift; sourceTree = "<group>"; };
		86C1FABF2B00293800080547 /* HomeView.swift */ = {isa = PBXFileReference; lastKnownFileType = sourcecode.swift; path = HomeView.swift; sourceTree = "<group>"; };
		86D8A4332AEE5E1C0022D7EB /* MovieMagazineTests.xctest */ = {isa = PBXFileReference; explicitFileType = wrapper.cfbundle; includeInIndex = 0; path = MovieMagazineTests.xctest; sourceTree = BUILT_PRODUCTS_DIR; };
		86D8A4352AEE5E1C0022D7EB /* GraphTests.swift */ = {isa = PBXFileReference; lastKnownFileType = sourcecode.swift; path = GraphTests.swift; sourceTree = "<group>"; };
		86D8A43C2AEE6D300022D7EB /* LoginViewModel.swift */ = {isa = PBXFileReference; lastKnownFileType = sourcecode.swift; path = LoginViewModel.swift; sourceTree = "<group>"; };
		86D8A4502AEEFEE60022D7EB /* NetworkDriver.swift */ = {isa = PBXFileReference; lastKnownFileType = sourcecode.swift; path = NetworkDriver.swift; sourceTree = "<group>"; };
		EEC5741B2AF37C5200783702 /* README.md */ = {isa = PBXFileReference; fileEncoding = 4; lastKnownFileType = net.daringfireball.markdown; path = README.md; sourceTree = "<group>"; };
		EEC5741D2AF37C5B00783702 /* Repository */ = {isa = PBXFileReference; lastKnownFileType = wrapper; path = Repository; sourceTree = "<group>"; };
		EEDBF61A2AF3E7F500FB7B59 /* ValidatorDriverTests.swift */ = {isa = PBXFileReference; lastKnownFileType = sourcecode.swift; path = ValidatorDriverTests.swift; sourceTree = "<group>"; };
		EEDBF6222AF3EA9000FB7B59 /* MovieMagazineUITests.swift */ = {isa = PBXFileReference; lastKnownFileType = sourcecode.swift; path = MovieMagazineUITests.swift; sourceTree = "<group>"; };
		EEDBF6242AF3EA9000FB7B59 /* MovieMagazineUITestsLaunchTests.swift */ = {isa = PBXFileReference; lastKnownFileType = sourcecode.swift; path = MovieMagazineUITestsLaunchTests.swift; sourceTree = "<group>"; };
/* End PBXFileReference section */

/* Begin PBXFrameworksBuildPhase section */
		866798F82AED934300BB6576 /* Frameworks */ = {
			isa = PBXFrameworksBuildPhase;
			buildActionMask = 2147483647;
			files = (
				86C1FAC82B003CAD00080547 /* Models in Frameworks */,
				EEC574222AF37E5B00783702 /* SwiftFP in Frameworks */,
				869A71462AF7C879009CB08A /* NetworkOperator in Frameworks */,
				86C1FACA2B003DE500080547 /* Redux in Frameworks */,
				EEC574202AF37E3D00783702 /* Endpoint in Frameworks */,
				86C1FACC2B0040E000080547 /* Core in Frameworks */,
				EEDBF6162AF3D09B00FB7B59 /* Validator in Frameworks */,
			);
			runOnlyForDeploymentPostprocessing = 0;
		};
		86D8A4302AEE5E1C0022D7EB /* Frameworks */ = {
			isa = PBXFrameworksBuildPhase;
			buildActionMask = 2147483647;
			files = (
			);
			runOnlyForDeploymentPostprocessing = 0;
		};
/* End PBXFrameworksBuildPhase section */

/* Begin PBXGroup section */
		864AFBAC2AF626BC0099035F /* View */ = {
			isa = PBXGroup;
			children = (
				866799002AED934400BB6576 /* LoginViewController.swift */,
				866799172AED9C9D00BB6576 /* LoginView.swift */,
			);
			path = View;
			sourceTree = "<group>";
		};
		864AFBAD2AF626C60099035F /* Presenter */ = {
			isa = PBXGroup;
			children = (
				8667992B2AEDB97B00BB6576 /* LoginPresenterImpl.swift */,
				86D8A43C2AEE6D300022D7EB /* LoginViewModel.swift */,
			);
			path = Presenter;
			sourceTree = "<group>";
		};
		866798F22AED934300BB6576 = {
			isa = PBXGroup;
			children = (
				869A713A2AF6C701009CB08A /* ApiKey.swift */,
				86A29A082AF691170092BBC6 /* MovieMagazine.xctestplan */,
				EEC5741B2AF37C5200783702 /* README.md */,
				EEC5741D2AF37C5B00783702 /* Repository */,
				866798FD2AED934300BB6576 /* MovieMagazine */,
				86D8A4342AEE5E1C0022D7EB /* MovieMagazineTests */,
				EEDBF6212AF3EA9000FB7B59 /* MovieMagazineUITests */,
				866798FC2AED934300BB6576 /* Products */,
				8686234C2AF00DAA00AB22F4 /* Frameworks */,
			);
			sourceTree = "<group>";
		};
		866798FC2AED934300BB6576 /* Products */ = {
			isa = PBXGroup;
			children = (
				866798FB2AED934300BB6576 /* MovieMagazine.app */,
				86D8A4332AEE5E1C0022D7EB /* MovieMagazineTests.xctest */,
			);
			name = Products;
			sourceTree = "<group>";
		};
		866798FD2AED934300BB6576 /* MovieMagazine */ = {
			isa = PBXGroup;
			children = (
				86C1FAB82B00247400080547 /* Home */,
				EEDBF6172AF3D1E000FB7B59 /* Drivers */,
				8667992F2AEDCD5800BB6576 /* Application */,
				866799192AED9D0500BB6576 /* Root */,
				866799162AED9C8400BB6576 /* Login */,
				866799112AED982200BB6576 /* Extension */,
				866799022AED934600BB6576 /* Assets.xcassets */,
				866799072AED934600BB6576 /* MovieMagazine.entitlements */,
			);
			path = MovieMagazine;
			sourceTree = "<group>";
		};
		866799112AED982200BB6576 /* Extension */ = {
			isa = PBXGroup;
			children = (
				866799122AED982E00BB6576 /* NSWindow.swift */,
				8637A8472AF2E2CC00FB11AE /* OSLog.swift */,
				8667991A2AED9EB900BB6576 /* NSView.swift */,
			);
			path = Extension;
			sourceTree = "<group>";
		};
		866799162AED9C8400BB6576 /* Login */ = {
			isa = PBXGroup;
			children = (
				864AFBAC2AF626BC0099035F /* View */,
				864AFBAD2AF626C60099035F /* Presenter */,
			);
			path = Login;
			sourceTree = "<group>";
		};
		866799192AED9D0500BB6576 /* Root */ = {
			isa = PBXGroup;
			children = (
				869A712D2AF6BD17009CB08A /* View */,
				869A712F2AF6BD27009CB08A /* Presenter */,
			);
			path = Root;
			sourceTree = "<group>";
		};
		8667992F2AEDCD5800BB6576 /* Application */ = {
			isa = PBXGroup;
			children = (
				866799142AED9ADE00BB6576 /* Assembly.swift */,
				8667990D2AED960000BB6576 /* main.swift */,
				866798FE2AED934400BB6576 /* AppDelegate.swift */,
				86C1FAAD2AFFAE6800080547 /* Router.swift */,
			);
			path = Application;
			sourceTree = "<group>";
		};
		8686234C2AF00DAA00AB22F4 /* Frameworks */ = {
			isa = PBXGroup;
			children = (
			);
			name = Frameworks;
			sourceTree = "<group>";
		};
		869A712D2AF6BD17009CB08A /* View */ = {
			isa = PBXGroup;
			children = (
				8667990F2AED96E600BB6576 /* RootWindowController.swift */,
			);
			path = View;
			sourceTree = "<group>";
		};
		869A712F2AF6BD27009CB08A /* Presenter */ = {
			isa = PBXGroup;
			children = (
				869A712B2AF6B823009CB08A /* RootPresenter.swift */,
			);
			path = Presenter;
			sourceTree = "<group>";
		};
		86C1FAB82B00247400080547 /* Home */ = {
			isa = PBXGroup;
			children = (
				86C1FAB92B0024B400080547 /* HomeViewController.swift */,
				86C1FABF2B00293800080547 /* HomeView.swift */,
				86C1FABB2B0024D500080547 /* HomePresenter.swift */,
				86C1FABD2B00251C00080547 /* HomeViewModel.swift */,
			);
			path = Home;
			sourceTree = "<group>";
		};
		86D8A4342AEE5E1C0022D7EB /* MovieMagazineTests */ = {
			isa = PBXGroup;
			children = (
				EEDBF61A2AF3E7F500FB7B59 /* ValidatorDriverTests.swift */,
				86D8A4352AEE5E1C0022D7EB /* GraphTests.swift */,
			);
			path = MovieMagazineTests;
			sourceTree = "<group>";
		};
		EEDBF6172AF3D1E000FB7B59 /* Drivers */ = {
			isa = PBXGroup;
			children = (
				86D8A4502AEEFEE60022D7EB /* NetworkDriver.swift */,
				86C1D5FD2AFCF9A200731FB9 /* SessionDriver.swift */,
				869A71472AF7C925009CB08A /* ImageCache.swift */,
			);
			path = Drivers;
			sourceTree = "<group>";
		};
		EEDBF6212AF3EA9000FB7B59 /* MovieMagazineUITests */ = {
			isa = PBXGroup;
			children = (
				EEDBF6222AF3EA9000FB7B59 /* MovieMagazineUITests.swift */,
				EEDBF6242AF3EA9000FB7B59 /* MovieMagazineUITestsLaunchTests.swift */,
			);
			path = MovieMagazineUITests;
			sourceTree = "<group>";
		};
/* End PBXGroup section */

/* Begin PBXNativeTarget section */
		866798FA2AED934300BB6576 /* MovieMagazine */ = {
			isa = PBXNativeTarget;
			buildConfigurationList = 8667990A2AED934600BB6576 /* Build configuration list for PBXNativeTarget "MovieMagazine" */;
			buildPhases = (
				866798F72AED934300BB6576 /* Sources */,
				866798F82AED934300BB6576 /* Frameworks */,
				866798F92AED934300BB6576 /* Resources */,
			);
			buildRules = (
			);
			dependencies = (
			);
			name = MovieMagazine;
			packageProductDependencies = (
				EEC5741F2AF37E3D00783702 /* Endpoint */,
				EEC574212AF37E5B00783702 /* SwiftFP */,
				EEDBF6152AF3D09B00FB7B59 /* Validator */,
				869A71452AF7C879009CB08A /* NetworkOperator */,
				86C1FAC72B003CAD00080547 /* Models */,
				86C1FAC92B003DE500080547 /* Redux */,
				86C1FACB2B0040E000080547 /* Core */,
			);
			productName = MovieMagazine;
			productReference = 866798FB2AED934300BB6576 /* MovieMagazine.app */;
			productType = "com.apple.product-type.application";
		};
		86D8A4322AEE5E1C0022D7EB /* MovieMagazineTests */ = {
			isa = PBXNativeTarget;
			buildConfigurationList = 86D8A43B2AEE5E1C0022D7EB /* Build configuration list for PBXNativeTarget "MovieMagazineTests" */;
			buildPhases = (
				86D8A42F2AEE5E1C0022D7EB /* Sources */,
				86D8A4302AEE5E1C0022D7EB /* Frameworks */,
				86D8A4312AEE5E1C0022D7EB /* Resources */,
			);
			buildRules = (
			);
			dependencies = (
				86D8A4382AEE5E1C0022D7EB /* PBXTargetDependency */,
			);
			name = MovieMagazineTests;
			packageProductDependencies = (
			);
			productName = MovieMagazineTests;
			productReference = 86D8A4332AEE5E1C0022D7EB /* MovieMagazineTests.xctest */;
			productType = "com.apple.product-type.bundle.unit-test";
		};
/* End PBXNativeTarget section */

/* Begin PBXProject section */
		866798F32AED934300BB6576 /* Project object */ = {
			isa = PBXProject;
			attributes = {
				BuildIndependentTargetsInParallel = 1;
				LastSwiftUpdateCheck = 1430;
				LastUpgradeCheck = 1510;
				TargetAttributes = {
					866798FA2AED934300BB6576 = {
						CreatedOnToolsVersion = 15.1;
					};
					86D8A4322AEE5E1C0022D7EB = {
						CreatedOnToolsVersion = 15.1;
						TestTargetID = 866798FA2AED934300BB6576;
					};
				};
			};
			buildConfigurationList = 866798F62AED934300BB6576 /* Build configuration list for PBXProject "MovieMagazine" */;
			compatibilityVersion = "Xcode 14.0";
			developmentRegion = en;
			hasScannedForEncodings = 0;
			knownRegions = (
				en,
				Base,
			);
			mainGroup = 866798F22AED934300BB6576;
			productRefGroup = 866798FC2AED934300BB6576 /* Products */;
			projectDirPath = "";
			projectRoot = "";
			targets = (
				866798FA2AED934300BB6576 /* MovieMagazine */,
				86D8A4322AEE5E1C0022D7EB /* MovieMagazineTests */,
			);
		};
/* End PBXProject section */

/* Begin PBXResourcesBuildPhase section */
		866798F92AED934300BB6576 /* Resources */ = {
			isa = PBXResourcesBuildPhase;
			buildActionMask = 2147483647;
			files = (
				EEC5741C2AF37C5200783702 /* README.md in Resources */,
				866799032AED934600BB6576 /* Assets.xcassets in Resources */,
				EEC5741E2AF37C5B00783702 /* Repository in Resources */,
			);
			runOnlyForDeploymentPostprocessing = 0;
		};
		86D8A4312AEE5E1C0022D7EB /* Resources */ = {
			isa = PBXResourcesBuildPhase;
			buildActionMask = 2147483647;
			files = (
			);
			runOnlyForDeploymentPostprocessing = 0;
		};
/* End PBXResourcesBuildPhase section */

/* Begin PBXSourcesBuildPhase section */
		866798F72AED934300BB6576 /* Sources */ = {
			isa = PBXSourcesBuildPhase;
			buildActionMask = 2147483647;
			files = (
				8667992C2AEDB97B00BB6576 /* LoginPresenterImpl.swift in Sources */,
				86C1FABA2B0024B400080547 /* HomeViewController.swift in Sources */,
				866799132AED982E00BB6576 /* NSWindow.swift in Sources */,
				866799182AED9C9D00BB6576 /* LoginView.swift in Sources */,
				86D8A4512AEEFEE60022D7EB /* NetworkDriver.swift in Sources */,
				866799152AED9ADE00BB6576 /* Assembly.swift in Sources */,
				86C1FAC02B00293800080547 /* HomeView.swift in Sources */,
				86D8A43D2AEE6D300022D7EB /* LoginViewModel.swift in Sources */,
				8637A8482AF2E2CC00FB11AE /* OSLog.swift in Sources */,
				8667991B2AED9EB900BB6576 /* NSView.swift in Sources */,
				86C1D5FE2AFCF9A200731FB9 /* SessionDriver.swift in Sources */,
				869A713B2AF6C701009CB08A /* ApiKey.swift in Sources */,
				866799012AED934400BB6576 /* LoginViewController.swift in Sources */,
				869A71482AF7C925009CB08A /* ImageCache.swift in Sources */,
				866799102AED96E600BB6576 /* RootWindowController.swift in Sources */,
				866798FF2AED934400BB6576 /* AppDelegate.swift in Sources */,
				8667990E2AED960000BB6576 /* main.swift in Sources */,
				86C1FABC2B0024D500080547 /* HomePresenter.swift in Sources */,
				86C1FABE2B00251C00080547 /* HomeViewModel.swift in Sources */,
				86C1FAAE2AFFAE6800080547 /* Router.swift in Sources */,
				869A712C2AF6B823009CB08A /* RootPresenter.swift in Sources */,
			);
			runOnlyForDeploymentPostprocessing = 0;
		};
		86D8A42F2AEE5E1C0022D7EB /* Sources */ = {
			isa = PBXSourcesBuildPhase;
			buildActionMask = 2147483647;
			files = (
				86D8A4362AEE5E1C0022D7EB /* GraphTests.swift in Sources */,
				EEDBF61B2AF3E7F500FB7B59 /* ValidatorDriverTests.swift in Sources */,
			);
			runOnlyForDeploymentPostprocessing = 0;
		};
/* End PBXSourcesBuildPhase section */

/* Begin PBXTargetDependency section */
		86D8A4382AEE5E1C0022D7EB /* PBXTargetDependency */ = {
			isa = PBXTargetDependency;
			target = 866798FA2AED934300BB6576 /* MovieMagazine */;
			targetProxy = 86D8A4372AEE5E1C0022D7EB /* PBXContainerItemProxy */;
		};
/* End PBXTargetDependency section */

/* Begin XCBuildConfiguration section */
		866799082AED934600BB6576 /* Debug */ = {
			isa = XCBuildConfiguration;
			buildSettings = {
				ALWAYS_SEARCH_USER_PATHS = NO;
				ASSETCATALOG_COMPILER_GENERATE_SWIFT_ASSET_SYMBOL_EXTENSIONS = YES;
				CLANG_ANALYZER_NONNULL = YES;
				CLANG_ANALYZER_NUMBER_OBJECT_CONVERSION = YES_AGGRESSIVE;
				CLANG_CXX_LANGUAGE_STANDARD = "gnu++20";
				CLANG_ENABLE_MODULES = YES;
				CLANG_ENABLE_OBJC_ARC = YES;
				CLANG_ENABLE_OBJC_WEAK = YES;
				CLANG_WARN_BLOCK_CAPTURE_AUTORELEASING = YES;
				CLANG_WARN_BOOL_CONVERSION = YES;
				CLANG_WARN_COMMA = YES;
				CLANG_WARN_CONSTANT_CONVERSION = YES;
				CLANG_WARN_DEPRECATED_OBJC_IMPLEMENTATIONS = YES;
				CLANG_WARN_DIRECT_OBJC_ISA_USAGE = YES_ERROR;
				CLANG_WARN_DOCUMENTATION_COMMENTS = YES;
				CLANG_WARN_EMPTY_BODY = YES;
				CLANG_WARN_ENUM_CONVERSION = YES;
				CLANG_WARN_INFINITE_RECURSION = YES;
				CLANG_WARN_INT_CONVERSION = YES;
				CLANG_WARN_NON_LITERAL_NULL_CONVERSION = YES;
				CLANG_WARN_OBJC_IMPLICIT_RETAIN_SELF = YES;
				CLANG_WARN_OBJC_LITERAL_CONVERSION = YES;
				CLANG_WARN_OBJC_ROOT_CLASS = YES_ERROR;
				CLANG_WARN_QUOTED_INCLUDE_IN_FRAMEWORK_HEADER = YES;
				CLANG_WARN_RANGE_LOOP_ANALYSIS = YES;
				CLANG_WARN_STRICT_PROTOTYPES = YES;
				CLANG_WARN_SUSPICIOUS_MOVE = YES;
				CLANG_WARN_UNGUARDED_AVAILABILITY = YES_AGGRESSIVE;
				CLANG_WARN_UNREACHABLE_CODE = YES;
				CLANG_WARN__DUPLICATE_METHOD_MATCH = YES;
				COPY_PHASE_STRIP = NO;
				DEBUG_INFORMATION_FORMAT = dwarf;
				ENABLE_STRICT_OBJC_MSGSEND = YES;
				ENABLE_TESTABILITY = YES;
				ENABLE_USER_SCRIPT_SANDBOXING = YES;
				GCC_C_LANGUAGE_STANDARD = gnu17;
				GCC_DYNAMIC_NO_PIC = NO;
				GCC_NO_COMMON_BLOCKS = YES;
				GCC_OPTIMIZATION_LEVEL = 0;
				GCC_PREPROCESSOR_DEFINITIONS = (
					"DEBUG=1",
					"$(inherited)",
				);
				GCC_WARN_64_TO_32_BIT_CONVERSION = YES;
				GCC_WARN_ABOUT_RETURN_TYPE = YES_ERROR;
				GCC_WARN_UNDECLARED_SELECTOR = YES;
				GCC_WARN_UNINITIALIZED_AUTOS = YES_AGGRESSIVE;
				GCC_WARN_UNUSED_FUNCTION = YES;
				GCC_WARN_UNUSED_VARIABLE = YES;
				LOCALIZATION_PREFERS_STRING_CATALOGS = YES;
				MACOSX_DEPLOYMENT_TARGET = 14.0;
				MTL_ENABLE_DEBUG_INFO = INCLUDE_SOURCE;
				MTL_FAST_MATH = YES;
				ONLY_ACTIVE_ARCH = YES;
				SDKROOT = macosx;
				SWIFT_ACTIVE_COMPILATION_CONDITIONS = "DEBUG $(inherited)";
				SWIFT_OPTIMIZATION_LEVEL = "-Onone";
			};
			name = Debug;
		};
		866799092AED934600BB6576 /* Release */ = {
			isa = XCBuildConfiguration;
			buildSettings = {
				ALWAYS_SEARCH_USER_PATHS = NO;
				ASSETCATALOG_COMPILER_GENERATE_SWIFT_ASSET_SYMBOL_EXTENSIONS = YES;
				CLANG_ANALYZER_NONNULL = YES;
				CLANG_ANALYZER_NUMBER_OBJECT_CONVERSION = YES_AGGRESSIVE;
				CLANG_CXX_LANGUAGE_STANDARD = "gnu++20";
				CLANG_ENABLE_MODULES = YES;
				CLANG_ENABLE_OBJC_ARC = YES;
				CLANG_ENABLE_OBJC_WEAK = YES;
				CLANG_WARN_BLOCK_CAPTURE_AUTORELEASING = YES;
				CLANG_WARN_BOOL_CONVERSION = YES;
				CLANG_WARN_COMMA = YES;
				CLANG_WARN_CONSTANT_CONVERSION = YES;
				CLANG_WARN_DEPRECATED_OBJC_IMPLEMENTATIONS = YES;
				CLANG_WARN_DIRECT_OBJC_ISA_USAGE = YES_ERROR;
				CLANG_WARN_DOCUMENTATION_COMMENTS = YES;
				CLANG_WARN_EMPTY_BODY = YES;
				CLANG_WARN_ENUM_CONVERSION = YES;
				CLANG_WARN_INFINITE_RECURSION = YES;
				CLANG_WARN_INT_CONVERSION = YES;
				CLANG_WARN_NON_LITERAL_NULL_CONVERSION = YES;
				CLANG_WARN_OBJC_IMPLICIT_RETAIN_SELF = YES;
				CLANG_WARN_OBJC_LITERAL_CONVERSION = YES;
				CLANG_WARN_OBJC_ROOT_CLASS = YES_ERROR;
				CLANG_WARN_QUOTED_INCLUDE_IN_FRAMEWORK_HEADER = YES;
				CLANG_WARN_RANGE_LOOP_ANALYSIS = YES;
				CLANG_WARN_STRICT_PROTOTYPES = YES;
				CLANG_WARN_SUSPICIOUS_MOVE = YES;
				CLANG_WARN_UNGUARDED_AVAILABILITY = YES_AGGRESSIVE;
				CLANG_WARN_UNREACHABLE_CODE = YES;
				CLANG_WARN__DUPLICATE_METHOD_MATCH = YES;
				COPY_PHASE_STRIP = NO;
				DEBUG_INFORMATION_FORMAT = "dwarf-with-dsym";
				ENABLE_NS_ASSERTIONS = NO;
				ENABLE_STRICT_OBJC_MSGSEND = YES;
				ENABLE_USER_SCRIPT_SANDBOXING = YES;
				GCC_C_LANGUAGE_STANDARD = gnu17;
				GCC_NO_COMMON_BLOCKS = YES;
				GCC_WARN_64_TO_32_BIT_CONVERSION = YES;
				GCC_WARN_ABOUT_RETURN_TYPE = YES_ERROR;
				GCC_WARN_UNDECLARED_SELECTOR = YES;
				GCC_WARN_UNINITIALIZED_AUTOS = YES_AGGRESSIVE;
				GCC_WARN_UNUSED_FUNCTION = YES;
				GCC_WARN_UNUSED_VARIABLE = YES;
				LOCALIZATION_PREFERS_STRING_CATALOGS = YES;
				MACOSX_DEPLOYMENT_TARGET = 14.0;
				MTL_ENABLE_DEBUG_INFO = NO;
				MTL_FAST_MATH = YES;
				SDKROOT = macosx;
				SWIFT_COMPILATION_MODE = wholemodule;
			};
			name = Release;
		};
		8667990B2AED934600BB6576 /* Debug */ = {
			isa = XCBuildConfiguration;
			buildSettings = {
				ASSETCATALOG_COMPILER_APPICON_NAME = AppIcon;
				ASSETCATALOG_COMPILER_GLOBAL_ACCENT_COLOR_NAME = AccentColor;
				CODE_SIGN_ENTITLEMENTS = MovieMagazine/MovieMagazine.entitlements;
				CODE_SIGN_STYLE = Automatic;
				COMBINE_HIDPI_IMAGES = YES;
				CURRENT_PROJECT_VERSION = 1;
				DEVELOPMENT_TEAM = 4WQFD456R9;
				ENABLE_HARDENED_RUNTIME = YES;
				GENERATE_INFOPLIST_FILE = YES;
				INFOPLIST_KEY_NSHumanReadableCopyright = "";
				INFOPLIST_KEY_NSPrincipalClass = NSApplication;
				LD_RUNPATH_SEARCH_PATHS = (
					"$(inherited)",
					"@executable_path/../Frameworks",
				);
				MACOSX_DEPLOYMENT_TARGET = 10.13;
				MARKETING_VERSION = 1.0;
				PRODUCT_BUNDLE_IDENTIFIER = ru.iliaByHimself.MovieMagazine;
				PRODUCT_NAME = "$(TARGET_NAME)";
				SWIFT_EMIT_LOC_STRINGS = YES;
				SWIFT_VERSION = 5.0;
			};
			name = Debug;
		};
		8667990C2AED934600BB6576 /* Release */ = {
			isa = XCBuildConfiguration;
			buildSettings = {
				ASSETCATALOG_COMPILER_APPICON_NAME = AppIcon;
				ASSETCATALOG_COMPILER_GLOBAL_ACCENT_COLOR_NAME = AccentColor;
				CODE_SIGN_ENTITLEMENTS = MovieMagazine/MovieMagazine.entitlements;
				CODE_SIGN_STYLE = Automatic;
				COMBINE_HIDPI_IMAGES = YES;
				CURRENT_PROJECT_VERSION = 1;
				DEVELOPMENT_TEAM = 4WQFD456R9;
				ENABLE_HARDENED_RUNTIME = YES;
				GENERATE_INFOPLIST_FILE = YES;
				INFOPLIST_KEY_NSHumanReadableCopyright = "";
				INFOPLIST_KEY_NSPrincipalClass = NSApplication;
				LD_RUNPATH_SEARCH_PATHS = (
					"$(inherited)",
					"@executable_path/../Frameworks",
				);
				MACOSX_DEPLOYMENT_TARGET = 10.13;
				MARKETING_VERSION = 1.0;
				PRODUCT_BUNDLE_IDENTIFIER = ru.iliaByHimself.MovieMagazine;
				PRODUCT_NAME = "$(TARGET_NAME)";
				SWIFT_EMIT_LOC_STRINGS = YES;
				SWIFT_VERSION = 5.0;
			};
			name = Release;
		};
		86D8A4392AEE5E1C0022D7EB /* Debug */ = {
			isa = XCBuildConfiguration;
			buildSettings = {
				BUNDLE_LOADER = "$(TEST_HOST)";
				CODE_SIGN_STYLE = Automatic;
				CURRENT_PROJECT_VERSION = 1;
				DEVELOPMENT_TEAM = 4WQFD456R9;
				GENERATE_INFOPLIST_FILE = YES;
				MACOSX_DEPLOYMENT_TARGET = 10.13;
				MARKETING_VERSION = 1.0;
				PRODUCT_BUNDLE_IDENTIFIER = ru.iliaByHimself.MovieMagazineTests;
				PRODUCT_NAME = "$(TARGET_NAME)";
				SWIFT_EMIT_LOC_STRINGS = NO;
				SWIFT_VERSION = 5.0;
				TEST_HOST = "$(BUILT_PRODUCTS_DIR)/MovieMagazine.app/$(BUNDLE_EXECUTABLE_FOLDER_PATH)/MovieMagazine";
			};
			name = Debug;
		};
		86D8A43A2AEE5E1C0022D7EB /* Release */ = {
			isa = XCBuildConfiguration;
			buildSettings = {
				BUNDLE_LOADER = "$(TEST_HOST)";
				CODE_SIGN_STYLE = Automatic;
				CURRENT_PROJECT_VERSION = 1;
				DEVELOPMENT_TEAM = 4WQFD456R9;
				GENERATE_INFOPLIST_FILE = YES;
				MACOSX_DEPLOYMENT_TARGET = 10.13;
				MARKETING_VERSION = 1.0;
				PRODUCT_BUNDLE_IDENTIFIER = ru.iliaByHimself.MovieMagazineTests;
				PRODUCT_NAME = "$(TARGET_NAME)";
				SWIFT_EMIT_LOC_STRINGS = NO;
				SWIFT_VERSION = 5.0;
				TEST_HOST = "$(BUILT_PRODUCTS_DIR)/MovieMagazine.app/$(BUNDLE_EXECUTABLE_FOLDER_PATH)/MovieMagazine";
			};
			name = Release;
		};
/* End XCBuildConfiguration section */

/* Begin XCConfigurationList section */
		866798F62AED934300BB6576 /* Build configuration list for PBXProject "MovieMagazine" */ = {
			isa = XCConfigurationList;
			buildConfigurations = (
				866799082AED934600BB6576 /* Debug */,
				866799092AED934600BB6576 /* Release */,
			);
			defaultConfigurationIsVisible = 0;
			defaultConfigurationName = Release;
		};
		8667990A2AED934600BB6576 /* Build configuration list for PBXNativeTarget "MovieMagazine" */ = {
			isa = XCConfigurationList;
			buildConfigurations = (
				8667990B2AED934600BB6576 /* Debug */,
				8667990C2AED934600BB6576 /* Release */,
			);
			defaultConfigurationIsVisible = 0;
			defaultConfigurationName = Release;
		};
		86D8A43B2AEE5E1C0022D7EB /* Build configuration list for PBXNativeTarget "MovieMagazineTests" */ = {
			isa = XCConfigurationList;
			buildConfigurations = (
				86D8A4392AEE5E1C0022D7EB /* Debug */,
				86D8A43A2AEE5E1C0022D7EB /* Release */,
			);
			defaultConfigurationIsVisible = 0;
			defaultConfigurationName = Release;
		};
/* End XCConfigurationList section */

/* Begin XCSwiftPackageProductDependency section */
		869A71452AF7C879009CB08A /* NetworkOperator */ = {
			isa = XCSwiftPackageProductDependency;
			productName = NetworkOperator;
		};
		86C1FAC72B003CAD00080547 /* Models */ = {
			isa = XCSwiftPackageProductDependency;
			productName = Models;
		};
		86C1FAC92B003DE500080547 /* Redux */ = {
			isa = XCSwiftPackageProductDependency;
			productName = Redux;
		};
		86C1FACB2B0040E000080547 /* Core */ = {
			isa = XCSwiftPackageProductDependency;
			productName = Core;
		};
		EEC5741F2AF37E3D00783702 /* Endpoint */ = {
			isa = XCSwiftPackageProductDependency;
			productName = Endpoint;
		};
		EEC574212AF37E5B00783702 /* SwiftFP */ = {
			isa = XCSwiftPackageProductDependency;
			productName = SwiftFP;
		};
		EEDBF6152AF3D09B00FB7B59 /* Validator */ = {
			isa = XCSwiftPackageProductDependency;
			productName = Validator;
		};
/* End XCSwiftPackageProductDependency section */
	};
	rootObject = 866798F32AED934300BB6576 /* Project object */;
}
